
Microsoft Visual Studio Solution File, Format Version 12.00
# Visual Studio Version 16
VisualStudioVersion = 16.0.31702.278
MinimumVisualStudioVersion = 10.0.40219.1
Project("{9A19103F-16F7-4668-BE54-9A1E7A4F7556}") = "JobAdvertisementWebApp.Entities", "JobAdvertisementWebApp.Entities\JobAdvertisementWebApp.Entities.csproj", "{3D46C2A4-1E1B-422C-AA50-A41FA3B42886}"
EndProject
Project("{9A19103F-16F7-4668-BE54-9A1E7A4F7556}") = "JobAdvertisementWebApp.DAL", "JobAdvertisementWebApp.DAL\JobAdvertisementWebApp.DAL.csproj", "{ABC66C52-8F97-4E5F-A426-5E1C215A5E3A}"
EndProject
Project("{9A19103F-16F7-4668-BE54-9A1E7A4F7556}") = "JobAdvertisementWebApp.BLL", "JobAdvertisementWebApp.BLL\JobAdvertisementWebApp.BLL.csproj", "{8A2D24E4-244E-42C4-B7A1-B1F394F99979}"
EndProject
Project("{9A19103F-16F7-4668-BE54-9A1E7A4F7556}") = "JobAdvertisementWebApp.DTOs", "JobAdvertisementWebApp.DTOs\JobAdvertisementWebApp.DTOs.csproj", "{7A58B340-D022-48AA-9C1F-2FC9EC3F9E7B}"
EndProject
Project("{9A19103F-16F7-4668-BE54-9A1E7A4F7556}") = "JobAdvertisementWebApp.Common", "JobAdvertisementWebApp.Common\JobAdvertisementWebApp.Common.csproj", "{681E9B0C-A088-48DF-95AE-79C7AFEA53BE}"
EndProject
Project("{FAE04EC0-301F-11D3-BF4B-00C04F79EFBC}") = "JobAdvertisementWebApp.UI", "JobAdvertisementWebApp.UI\JobAdvertisementWebApp.UI.csproj", "{A8E04F29-0ED1-4878-9ACA-7E05088324B5}"
EndProject
Global
	GlobalSection(SolutionConfigurationPlatforms) = preSolution
		Debug|Any CPU = Debug|Any CPU
		Release|Any CPU = Release|Any CPU
	EndGlobalSection
	GlobalSection(ProjectConfigurationPlatforms) = postSolution
		{3D46C2A4-1E1B-422C-AA50-A41FA3B42886}.Debug|Any CPU.ActiveCfg = Debug|Any CPU
		{3D46C2A4-1E1B-422C-AA50-A41FA3B42886}.Debug|Any CPU.Build.0 = Debug|Any CPU
		{3D46C2A4-1E1B-422C-AA50-A41FA3B42886}.Release|Any CPU.ActiveCfg = Release|Any CPU
		{3D46C2A4-1E1B-422C-AA50-A41FA3B42886}.Release|Any CPU.Build.0 = Release|Any CPU
		{ABC66C52-8F97-4E5F-A426-5E1C215A5E3A}.Debug|Any CPU.ActiveCfg = Debug|Any CPU
		{ABC66C52-8F97-4E5F-A426-5E1C215A5E3A}.Debug|Any CPU.Build.0 = Debug|Any CPU
		{ABC66C52-8F97-4E5F-A426-5E1C215A5E3A}.Release|Any CPU.ActiveCfg = Release|Any CPU
		{ABC66C52-8F97-4E5F-A426-5E1C215A5E3A}.Release|Any CPU.Build.0 = Release|Any CPU
		{8A2D24E4-244E-42C4-B7A1-B1F394F99979}.Debug|Any CPU.ActiveCfg = Debug|Any CPU
		{8A2D24E4-244E-42C4-B7A1-B1F394F99979}.Debug|Any CPU.Build.0 = Debug|Any CPU
		{8A2D24E4-244E-42C4-B7A1-B1F394F99979}.Release|Any CPU.ActiveCfg = Release|Any CPU
		{8A2D24E4-244E-42C4-B7A1-B1F394F99979}.Release|Any CPU.Build.0 = Release|Any CPU
		{7A58B340-D022-48AA-9C1F-2FC9EC3F9E7B}.Debug|Any CPU.ActiveCfg = Debug|Any CPU
		{7A58B340-D022-48AA-9C1F-2FC9EC3F9E7B}.Debug|Any CPU.Build.0 = Debug|Any CPU
		{7A58B340-D022-48AA-9C1F-2FC9EC3F9E7B}.Release|Any CPU.ActiveCfg = Release|Any CPU
		{7A58B340-D022-48AA-9C1F-2FC9EC3F9E7B}.Release|Any CPU.Build.0 = Release|Any CPU
		{681E9B0C-A088-48DF-95AE-79C7AFEA53BE}.Debug|Any CPU.ActiveCfg = Debug|Any CPU
		{681E9B0C-A088-48DF-95AE-79C7AFEA53BE}.Debug|Any CPU.Build.0 = Debug|Any CPU
		{681E9B0C-A088-48DF-95AE-79C7AFEA53BE}.Release|Any CPU.ActiveCfg = Release|Any CPU
		{681E9B0C-A088-48DF-95AE-79C7AFEA53BE}.Release|Any CPU.Build.0 = Release|Any CPU
		{A8E04F29-0ED1-4878-9ACA-7E05088324B5}.Debug|Any CPU.ActiveCfg = Debug|Any CPU
		{A8E04F29-0ED1-4878-9ACA-7E05088324B5}.Debug|Any CPU.Build.0 = Debug|Any CPU
		{A8E04F29-0ED1-4878-9ACA-7E05088324B5}.Release|Any CPU.ActiveCfg = Release|Any CPU
		{A8E04F29-0ED1-4878-9ACA-7E05088324B5}.Release|Any CPU.Build.0 = Release|Any CPU
	EndGlobalSection
	GlobalSection(SolutionProperties) = preSolution
		HideSolutionNode = FALSE
	EndGlobalSection
	GlobalSection(ExtensibilityGlobals) = postSolution
		SolutionGuid = {6AB9FEED-2143-4FD3-BEE8-188A5B3217C7}
	EndGlobalSection
EndGlobal
